// !$*UTF8*$!
{
	archiveVersion = 1;
	classes = {
	};
	objectVersion = 46;
	objects = {

/* Begin PBXBuildFile section */
		A21656D71CEB6ACA0044184E /* AppDelegate.swift in Sources */ = {isa = PBXBuildFile; fileRef = A21656D61CEB6ACA0044184E /* AppDelegate.swift */; };
		A21656D91CEB6ACA0044184E /* ViewController.swift in Sources */ = {isa = PBXBuildFile; fileRef = A21656D81CEB6ACA0044184E /* ViewController.swift */; };
		A21656DC1CEB6ACA0044184E /* Main.storyboard in Resources */ = {isa = PBXBuildFile; fileRef = A21656DA1CEB6ACA0044184E /* Main.storyboard */; };
		A21656DE1CEB6ACA0044184E /* Assets.xcassets in Resources */ = {isa = PBXBuildFile; fileRef = A21656DD1CEB6ACA0044184E /* Assets.xcassets */; };
		A21656E11CEB6ACA0044184E /* LaunchScreen.storyboard in Resources */ = {isa = PBXBuildFile; fileRef = A21656DF1CEB6ACA0044184E /* LaunchScreen.storyboard */; };
		A21656EC1CEB6ACB0044184E /* PrimerRetoTests.swift in Sources */ = {isa = PBXBuildFile; fileRef = A21656EB1CEB6ACB0044184E /* PrimerRetoTests.swift */; };
		A21656F71CEB6ACB0044184E /* PrimerRetoUITests.swift in Sources */ = {isa = PBXBuildFile; fileRef = A21656F61CEB6ACB0044184E /* PrimerRetoUITests.swift */; };
/* End PBXBuildFile section */

/* Begin PBXContainerItemProxy section */
		A21656E81CEB6ACB0044184E /* PBXContainerItemProxy */ = {
			isa = PBXContainerItemProxy;
			containerPortal = A21656CB1CEB6ACA0044184E /* Project object */;
			proxyType = 1;
			remoteGlobalIDString = A21656D21CEB6ACA0044184E;
			remoteInfo = PrimerReto;
		};
		A21656F31CEB6ACB0044184E /* PBXContainerItemProxy */ = {
			isa = PBXContainerItemProxy;
			containerPortal = A21656CB1CEB6ACA0044184E /* Project object */;
			proxyType = 1;
			remoteGlobalIDString = A21656D21CEB6ACA0044184E;
			remoteInfo = PrimerReto;
		};
/* End PBXContainerItemProxy section */

/* Begin PBXFileReference section */
		A21656D31CEB6ACA0044184E /* PrimerReto.app */ = {isa = PBXFileReference; explicitFileType = wrapper.application; includeInIndex = 0; path = PrimerReto.app; sourceTree = BUILT_PRODUCTS_DIR; };
		A21656D61CEB6ACA0044184E /* AppDelegate.swift */ = {isa = PBXFileReference; lastKnownFileType = sourcecode.swift; path = AppDelegate.swift; sourceTree = "<group>"; };
		A21656D81CEB6ACA0044184E /* ViewController.swift */ = {isa = PBXFileReference; lastKnownFileType = sourcecode.swift; path = ViewController.swift; sourceTree = "<group>"; };
		A21656DB1CEB6ACA0044184E /* Base */ = {isa = PBXFileReference; lastKnownFileType = file.storyboard; name = Base; path = Base.lproj/Main.storyboard; sourceTree = "<group>"; };
		A21656DD1CEB6ACA0044184E /* Assets.xcassets */ = {isa = PBXFileReference; lastKnownFileType = folder.assetcatalog; path = Assets.xcassets; sourceTree = "<group>"; };
		A21656E01CEB6ACA0044184E /* Base */ = {isa = PBXFileReference; lastKnownFileType = file.storyboard; name = Base; path = Base.lproj/LaunchScreen.storyboard; sourceTree = "<group>"; };
		A21656E21CEB6ACA0044184E /* Info.plist */ = {isa = PBXFileReference; lastKnownFileType = text.plist.xml; path = Info.plist; sourceTree = "<group>"; };
		A21656E71CEB6ACB0044184E /* PrimerRetoTests.xctest */ = {isa = PBXFileReference; explicitFileType = wrapper.cfbundle; includeInIndex = 0; path = PrimerRetoTests.xctest; sourceTree = BUILT_PRODUCTS_DIR; };
		A21656EB1CEB6ACB0044184E /* PrimerRetoTests.swift */ = {isa = PBXFileReference; lastKnownFileType = sourcecode.swift; path = PrimerRetoTests.swift; sourceTree = "<group>"; };
		A21656ED1CEB6ACB0044184E /* Info.plist */ = {isa = PBXFileReference; lastKnownFileType = text.plist.xml; path = Info.plist; sourceTree = "<group>"; };
		A21656F21CEB6ACB0044184E /* PrimerRetoUITests.xctest */ = {isa = PBXFileReference; explicitFileType = wrapper.cfbundle; includeInIndex = 0; path = PrimerRetoUITests.xctest; sourceTree = BUILT_PRODUCTS_DIR; };
		A21656F61CEB6ACB0044184E /* PrimerRetoUITests.swift */ = {isa = PBXFileReference; lastKnownFileType = sourcecode.swift; path = PrimerRetoUITests.swift; sourceTree = "<group>"; };
		A21656F81CEB6ACB0044184E /* Info.plist */ = {isa = PBXFileReference; lastKnownFileType = text.plist.xml; path = Info.plist; sourceTree = "<group>"; };
/* End PBXFileReference section */

/* Begin PBXFrameworksBuildPhase section */
		A21656D01CEB6ACA0044184E /* Frameworks */ = {
			isa = PBXFrameworksBuildPhase;
			buildActionMask = 2147483647;
			files = (
			);
			runOnlyForDeploymentPostprocessing = 0;
		};
		A21656E41CEB6ACB0044184E /* Frameworks */ = {
			isa = PBXFrameworksBuildPhase;
			buildActionMask = 2147483647;
			files = (
			);
			runOnlyForDeploymentPostprocessing = 0;
		};
		A21656EF1CEB6ACB0044184E /* Frameworks */ = {
			isa = PBXFrameworksBuildPhase;
			buildActionMask = 2147483647;
			files = (
			);
			runOnlyForDeploymentPostprocessing = 0;
		};
/* End PBXFrameworksBuildPhase section */

/* Begin PBXGroup section */
		A21656CA1CEB6ACA0044184E = {
			isa = PBXGroup;
			children = (
				A21656D51CEB6ACA0044184E /* PrimerReto */,
				A21656EA1CEB6ACB0044184E /* PrimerRetoTests */,
				A21656F51CEB6ACB0044184E /* PrimerRetoUITests */,
				A21656D41CEB6ACA0044184E /* Products */,
			);
			sourceTree = "<group>";
		};
		A21656D41CEB6ACA0044184E /* Products */ = {
			isa = PBXGroup;
			children = (
				A21656D31CEB6ACA0044184E /* PrimerReto.app */,
				A21656E71CEB6ACB0044184E /* PrimerRetoTests.xctest */,
				A21656F21CEB6ACB0044184E /* PrimerRetoUITests.xctest */,
			);
			name = Products;
			sourceTree = "<group>";
		};
		A21656D51CEB6ACA0044184E /* PrimerReto */ = {
			isa = PBXGroup;
			children = (
				A21656D61CEB6ACA0044184E /* AppDelegate.swift */,
				A21656D81CEB6ACA0044184E /* ViewController.swift */,
				A21656DA1CEB6ACA0044184E /* Main.storyboard */,
				A21656DD1CEB6ACA0044184E /* Assets.xcassets */,
				A21656DF1CEB6ACA0044184E /* LaunchScreen.storyboard */,
				A21656E21CEB6ACA0044184E /* Info.plist */,
			);
			path = PrimerReto;
			sourceTree = "<group>";
		};
		A21656EA1CEB6ACB0044184E /* PrimerRetoTests */ = {
			isa = PBXGroup;
			children = (
				A21656EB1CEB6ACB0044184E /* PrimerRetoTests.swift */,
				A21656ED1CEB6ACB0044184E /* Info.plist */,
			);
			path = PrimerRetoTests;
			sourceTree = "<group>";
		};
		A21656F51CEB6ACB0044184E /* PrimerRetoUITests */ = {
			isa = PBXGroup;
			children = (
				A21656F61CEB6ACB0044184E /* PrimerRetoUITests.swift */,
				A21656F81CEB6ACB0044184E /* Info.plist */,
			);
			path = PrimerRetoUITests;
			sourceTree = "<group>";
		};
/* End PBXGroup section */

/* Begin PBXNativeTarget section */
		A21656D21CEB6ACA0044184E /* PrimerReto */ = {
			isa = PBXNativeTarget;
			buildConfigurationList = A21656FB1CEB6ACB0044184E /* Build configuration list for PBXNativeTarget "PrimerReto" */;
			buildPhases = (
				A21656CF1CEB6ACA0044184E /* Sources */,
				A21656D01CEB6ACA0044184E /* Frameworks */,
				A21656D11CEB6ACA0044184E /* Resources */,
			);
			buildRules = (
			);
			dependencies = (
			);
			name = PrimerReto;
			productName = PrimerReto;
			productReference = A21656D31CEB6ACA0044184E /* PrimerReto.app */;
			productType = "com.apple.product-type.application";
		};
		A21656E61CEB6ACB0044184E /* PrimerRetoTests */ = {
			isa = PBXNativeTarget;
			buildConfigurationList = A21656FE1CEB6ACB0044184E /* Build configuration list for PBXNativeTarget "PrimerRetoTests" */;
			buildPhases = (
				A21656E31CEB6ACB0044184E /* Sources */,
				A21656E41CEB6ACB0044184E /* Frameworks */,
				A21656E51CEB6ACB0044184E /* Resources */,
			);
			buildRules = (
			);
			dependencies = (
				A21656E91CEB6ACB0044184E /* PBXTargetDependency */,
			);
			name = PrimerRetoTests;
			productName = PrimerRetoTests;
			productReference = A21656E71CEB6ACB0044184E /* PrimerRetoTests.xctest */;
			productType = "com.apple.product-type.bundle.unit-test";
		};
		A21656F11CEB6ACB0044184E /* PrimerRetoUITests */ = {
			isa = PBXNativeTarget;
			buildConfigurationList = A21657011CEB6ACB0044184E /* Build configuration list for PBXNativeTarget "PrimerRetoUITests" */;
			buildPhases = (
				A21656EE1CEB6ACB0044184E /* Sources */,
				A21656EF1CEB6ACB0044184E /* Frameworks */,
				A21656F01CEB6ACB0044184E /* Resources */,
			);
			buildRules = (
			);
			dependencies = (
				A21656F41CEB6ACB0044184E /* PBXTargetDependency */,
			);
			name = PrimerRetoUITests;
			productName = PrimerRetoUITests;
			productReference = A21656F21CEB6ACB0044184E /* PrimerRetoUITests.xctest */;
			productType = "com.apple.product-type.bundle.ui-testing";
		};
/* End PBXNativeTarget section */

/* Begin PBXProject section */
		A21656CB1CEB6ACA0044184E /* Project object */ = {
			isa = PBXProject;
			attributes = {
				LastSwiftUpdateCheck = 0730;
				LastUpgradeCheck = 0730;
				ORGANIZATIONNAME = "Gonzalo Castanedo Shaadi";
				TargetAttributes = {
					A21656D21CEB6ACA0044184E = {
						CreatedOnToolsVersion = 7.3.1;
						DevelopmentTeam = WVX3DF7VM7;
					};
					A21656E61CEB6ACB0044184E = {
						CreatedOnToolsVersion = 7.3.1;
						TestTargetID = A21656D21CEB6ACA0044184E;
					};
					A21656F11CEB6ACB0044184E = {
						CreatedOnToolsVersion = 7.3.1;
						TestTargetID = A21656D21CEB6ACA0044184E;
					};
				};
			};
			buildConfigurationList = A21656CE1CEB6ACA0044184E /* Build configuration list for PBXProject "PrimerReto" */;
			compatibilityVersion = "Xcode 3.2";
			developmentRegion = English;
			hasScannedForEncodings = 0;
			knownRegions = (
				en,
				Base,
			);
			mainGroup = A21656CA1CEB6ACA0044184E;
			productRefGroup = A21656D41CEB6ACA0044184E /* Products */;
			projectDirPath = "";
			projectRoot = "";
			targets = (
				A21656D21CEB6ACA0044184E /* PrimerReto */,
				A21656E61CEB6ACB0044184E /* PrimerRetoTests */,
				A21656F11CEB6ACB0044184E /* PrimerRetoUITests */,
			);
		};
/* End PBXProject section */

/* Begin PBXResourcesBuildPhase section */
		A21656D11CEB6ACA0044184E /* Resources */ = {
			isa = PBXResourcesBuildPhase;
			buildActionMask = 2147483647;
			files = (
				A21656E11CEB6ACA0044184E /* LaunchScreen.storyboard in Resources */,
				A21656DE1CEB6ACA0044184E /* Assets.xcassets in Resources */,
				A21656DC1CEB6ACA0044184E /* Main.storyboard in Resources */,
			);
			runOnlyForDeploymentPostprocessing = 0;
		};
		A21656E51CEB6ACB0044184E /* Resources */ = {
			isa = PBXResourcesBuildPhase;
			buildActionMask = 2147483647;
			files = (
			);
			runOnlyForDeploymentPostprocessing = 0;
		};
		A21656F01CEB6ACB0044184E /* Resources */ = {
			isa = PBXResourcesBuildPhase;
			buildActionMask = 2147483647;
			files = (
			);
			runOnlyForDeploymentPostprocessing = 0;
		};
/* End PBXResourcesBuildPhase section */

/* Begin PBXSourcesBuildPhase section */
		A21656CF1CEB6ACA0044184E /* Sources */ = {
			isa = PBXSourcesBuildPhase;
			buildActionMask = 2147483647;
			files = (
				A21656D91CEB6ACA0044184E /* ViewController.swift in Sources */,
				A21656D71CEB6ACA0044184E /* AppDelegate.swift in Sources */,
			);
			runOnlyForDeploymentPostprocessing = 0;
		};
		A21656E31CEB6ACB0044184E /* Sources */ = {
			isa = PBXSourcesBuildPhase;
			buildActionMask = 2147483647;
			files = (
				A21656EC1CEB6ACB0044184E /* PrimerRetoTests.swift in Sources */,
			);
			runOnlyForDeploymentPostprocessing = 0;
		};
		A21656EE1CEB6ACB0044184E /* Sources */ = {
			isa = PBXSourcesBuildPhase;
			buildActionMask = 2147483647;
			files = (
				A21656F71CEB6ACB0044184E /* PrimerRetoUITests.swift in Sources */,
			);
			runOnlyForDeploymentPostprocessing = 0;
		};
/* End PBXSourcesBuildPhase section */

/* Begin PBXTargetDependency section */
		A21656E91CEB6ACB0044184E /* PBXTargetDependency */ = {
			isa = PBXTargetDependency;
			target = A21656D21CEB6ACA0044184E /* PrimerReto */;
			targetProxy = A21656E81CEB6ACB0044184E /* PBXContainerItemProxy */;
		};
		A21656F41CEB6ACB0044184E /* PBXTargetDependency */ = {
			isa = PBXTargetDependency;
			target = A21656D21CEB6ACA0044184E /* PrimerReto */;
			targetProxy = A21656F31CEB6ACB0044184E /* PBXContainerItemProxy */;
		};
/* End PBXTargetDependency section */

/* Begin PBXVariantGroup section */
		A21656DA1CEB6ACA0044184E /* Main.storyboard */ = {
			isa = PBXVariantGroup;
			children = (
				A21656DB1CEB6ACA0044184E /* Base */,
			);
			name = Main.storyboard;
			sourceTree = "<group>";
		};
		A21656DF1CEB6ACA0044184E /* LaunchScreen.storyboard */ = {
			isa = PBXVariantGroup;
			children = (
				A21656E01CEB6ACA0044184E /* Base */,
			);
			name = LaunchScreen.storyboard;
			sourceTree = "<group>";
		};
/* End PBXVariantGroup section */

/* Begin XCBuildConfiguration section */
		A21656F91CEB6ACB0044184E /* Debug */ = {
			isa = XCBuildConfiguration;
			buildSettings = {
				ALWAYS_SEARCH_USER_PATHS = NO;
				CLANG_ANALYZER_NONNULL = YES;
				CLANG_CXX_LANGUAGE_STANDARD = "gnu++0x";
				CLANG_CXX_LIBRARY = "libc++";
				CLANG_ENABLE_MODULES = YES;
				CLANG_ENABLE_OBJC_ARC = YES;
				CLANG_WARN_BOOL_CONVERSION = YES;
				CLANG_WARN_CONSTANT_CONVERSION = YES;
				CLANG_WARN_DIRECT_OBJC_ISA_USAGE = YES_ERROR;
				CLANG_WARN_EMPTY_BODY = YES;
				CLANG_WARN_ENUM_CONVERSION = YES;
				CLANG_WARN_INT_CONVERSION = YES;
				CLANG_WARN_OBJC_ROOT_CLASS = YES_ERROR;
				CLANG_WARN_UNREACHABLE_CODE = YES;
				CLANG_WARN__DUPLICATE_METHOD_MATCH = YES;
				"CODE_SIGN_IDENTITY[sdk=iphoneos*]" = "iPhone Developer";
				COPY_PHASE_STRIP = NO;
				DEBUG_INFORMATION_FORMAT = dwarf;
				ENABLE_STRICT_OBJC_MSGSEND = YES;
				ENABLE_TESTABILITY = YES;
				GCC_C_LANGUAGE_STANDARD = gnu99;
				GCC_DYNAMIC_NO_PIC = NO;
				GCC_NO_COMMON_BLOCKS = YES;
				GCC_OPTIMIZATION_LEVEL = 0;
				GCC_PREPROCESSOR_DEFINITIONS = (
					"DEBUG=1",
					"$(inherited)",
				);
				GCC_WARN_64_TO_32_BIT_CONVERSION = YES;
				GCC_WARN_ABOUT_RETURN_TYPE = YES_ERROR;
				GCC_WARN_UNDECLARED_SELECTOR = YES;
				GCC_WARN_UNINITIALIZED_AUTOS = YES_AGGRESSIVE;
				GCC_WARN_UNUSED_FUNCTION = YES;
				GCC_WARN_UNUSED_VARIABLE = YES;
				IPHONEOS_DEPLOYMENT_TARGET = 9.3;
				MTL_ENABLE_DEBUG_INFO = YES;
				ONLY_ACTIVE_ARCH = YES;
				SDKROOT = iphoneos;
				SWIFT_OPTIMIZATION_LEVEL = "-Onone";
				TARGETED_DEVICE_FAMILY = "1,2";
			};
			name = Debug;
		};
		A21656FA1CEB6ACB0044184E /* Release */ = {
			isa = XCBuildConfiguration;
			buildSettings = {
				ALWAYS_SEARCH_USER_PATHS = NO;
				CLANG_ANALYZER_NONNULL = YES;
				CLANG_CXX_LANGUAGE_STANDARD = "gnu++0x";
				CLANG_CXX_LIBRARY = "libc++";
				CLANG_ENABLE_MODULES = YES;
				CLANG_ENABLE_OBJC_ARC = YES;
				CLANG_WARN_BOOL_CONVERSION = YES;
				CLANG_WARN_CONSTANT_CONVERSION = YES;
				CLANG_WARN_DIRECT_OBJC_ISA_USAGE = YES_ERROR;
				CLANG_WARN_EMPTY_BODY = YES;
				CLANG_WARN_ENUM_CONVERSION = YES;
				CLANG_WARN_INT_CONVERSION = YES;
				CLANG_WARN_OBJC_ROOT_CLASS = YES_ERROR;
				CLANG_WARN_UNREACHABLE_CODE = YES;
				CLANG_WARN__DUPLICATE_METHOD_MATCH = YES;
				"CODE_SIGN_IDENTITY[sdk=iphoneos*]" = "iPhone Developer";
				COPY_PHASE_STRIP = NO;
				DEBUG_INFORMATION_FORMAT = "dwarf-with-dsym";
				ENABLE_NS_ASSERTIONS = NO;
				ENABLE_STRICT_OBJC_MSGSEND = YES;
				GCC_C_LANGUAGE_STANDARD = gnu99;
				GCC_NO_COMMON_BLOCKS = YES;
				GCC_WARN_64_TO_32_BIT_CONVERSION = YES;
				GCC_WARN_ABOUT_RETURN_TYPE = YES_ERROR;
				GCC_WARN_UNDECLARED_SELECTOR = YES;
				GCC_WARN_UNINITIALIZED_AUTOS = YES_AGGRESSIVE;
				GCC_WARN_UNUSED_FUNCTION = YES;
				GCC_WARN_UNUSED_VARIABLE = YES;
				IPHONEOS_DEPLOYMENT_TARGET = 9.3;
				MTL_ENABLE_DEBUG_INFO = NO;
				SDKROOT = iphoneos;
				TARGETED_DEVICE_FAMILY = "1,2";
				VALIDATE_PRODUCT = YES;
			};
			name = Release;
		};
		A21656FC1CEB6ACB0044184E /* Debug */ = {
			isa = XCBuildConfiguration;
			buildSettings = {
				ASSETCATALOG_COMPILER_APPICON_NAME = AppIcon;
				CODE_SIGN_IDENTITY = "iPhone Developer";
				"CODE_SIGN_IDENTITY[sdk=iphoneos*]" = "iPhone Developer";
				INFOPLIST_FILE = PrimerReto/Info.plist;
				LD_RUNPATH_SEARCH_PATHS = "$(inherited) @executable_path/Frameworks";
				PRODUCT_BUNDLE_IDENTIFIER = GashTheOne.PrimerReto;
				PRODUCT_NAME = "$(TARGET_NAME)";
				PROVISIONING_PROFILE = "";
			};
			name = Debug;
		};
		A21656FD1CEB6ACB0044184E /* Release */ = {
			isa = XCBuildConfiguration;
			buildSettings = {
				ASSETCATALOG_COMPILER_APPICON_NAME = AppIcon;
				CODE_SIGN_IDENTITY = "iPhone Developer";
				"CODE_SIGN_IDENTITY[sdk=iphoneos*]" = "iPhone Developer";
				INFOPLIST_FILE = PrimerReto/Info.plist;
				LD_RUNPATH_SEARCH_PATHS = "$(inherited) @executable_path/Frameworks";
				PRODUCT_BUNDLE_IDENTIFIER = GashTheOne.PrimerReto;
				PRODUCT_NAME = "$(TARGET_NAME)";
				PROVISIONING_PROFILE = "";
			};
			name = Release;
		};
		A21656FF1CEB6ACB0044184E /* Debug */ = {
			isa = XCBuildConfiguration;
			buildSettings = {
				BUNDLE_LOADER = "$(TEST_HOST)";
				INFOPLIST_FILE = PrimerRetoTests/Info.plist;
				LD_RUNPATH_SEARCH_PATHS = "$(inherited) @executable_path/Frameworks @loader_path/Frameworks";
				PRODUCT_BUNDLE_IDENTIFIER = GashTheOne.PrimerRetoTests;
				PRODUCT_NAME = "$(TARGET_NAME)";
				TEST_HOST = "$(BUILT_PRODUCTS_DIR)/PrimerReto.app/PrimerReto";
			};
			name = Debug;
		};
		A21657001CEB6ACB0044184E /* Release */ = {
			isa = XCBuildConfiguration;
			buildSettings = {
				BUNDLE_LOADER = "$(TEST_HOST)";
				INFOPLIST_FILE = PrimerRetoTests/Info.plist;
				LD_RUNPATH_SEARCH_PATHS = "$(inherited) @executable_path/Frameworks @loader_path/Frameworks";
				PRODUCT_BUNDLE_IDENTIFIER = GashTheOne.PrimerRetoTests;
				PRODUCT_NAME = "$(TARGET_NAME)";
				TEST_HOST = "$(BUILT_PRODUCTS_DIR)/PrimerReto.app/PrimerReto";
			};
			name = Release;
		};
		A21657021CEB6ACB0044184E /* Debug */ = {
			isa = XCBuildConfiguration;
			buildSettings = {
				INFOPLIST_FILE = PrimerRetoUITests/Info.plist;
				LD_RUNPATH_SEARCH_PATHS = "$(inherited) @executable_path/Frameworks @loader_path/Frameworks";
				PRODUCT_BUNDLE_IDENTIFIER = GashTheOne.PrimerRetoUITests;
				PRODUCT_NAME = "$(TARGET_NAME)";
				TEST_TARGET_NAME = PrimerReto;
			};
			name = Debug;
		};
		A21657031CEB6ACB0044184E /* Release */ = {
			isa = XCBuildConfiguration;
			buildSettings = {
				INFOPLIST_FILE = PrimerRetoUITests/Info.plist;
				LD_RUNPATH_SEARCH_PATHS = "$(inherited) @executable_path/Frameworks @loader_path/Frameworks";
				PRODUCT_BUNDLE_IDENTIFIER = GashTheOne.PrimerRetoUITests;
				PRODUCT_NAME = "$(TARGET_NAME)";
				TEST_TARGET_NAME = PrimerReto;
			};
			name = Release;
		};
/* End XCBuildConfiguration section */

/* Begin XCConfigurationList section */
		A21656CE1CEB6ACA0044184E /* Build configuration list for PBXProject "PrimerReto" */ = {
			isa = XCConfigurationList;
			buildConfigurations = (
				A21656F91CEB6ACB0044184E /* Debug */,
				A21656FA1CEB6ACB0044184E /* Release */,
			);
			defaultConfigurationIsVisible = 0;
			defaultConfigurationName = Release;
		};
		A21656FB1CEB6ACB0044184E /* Build configuration list for PBXNativeTarget "PrimerReto" */ = {
			isa = XCConfigurationList;
			buildConfigurations = (
				A21656FC1CEB6ACB0044184E /* Debug */,
				A21656FD1CEB6ACB0044184E /* Release */,
			);
			defaultConfigurationIsVisible = 0;
		};
		A21656FE1CEB6ACB0044184E /* Build configuration list for PBXNativeTarget "PrimerRetoTests" */ = {
			isa = XCConfigurationList;
			buildConfigurations = (
				A21656FF1CEB6ACB0044184E /* Debug */,
				A21657001CEB6ACB0044184E /* Release */,
			);
			defaultConfigurationIsVisible = 0;
		};
		A21657011CEB6ACB0044184E /* Build configuration list for PBXNativeTarget "PrimerRetoUITests" */ = {
			isa = XCConfigurationList;
			buildConfigurations = (
				A21657021CEB6ACB0044184E /* Debug */,
				A21657031CEB6ACB0044184E /* Release */,
			);
			defaultConfigurationIsVisible = 0;
		};
/* End XCConfigurationList section */
	};
	rootObject = A21656CB1CEB6ACA0044184E /* Project object */;
}
